
Microsoft Visual Studio Solution File, Format Version 12.00
# Visual Studio Version 17
VisualStudioVersion = 17.8.34511.84
MinimumVisualStudioVersion = 10.0.40219.1
Project("{FAE04EC0-301F-11D3-BF4B-00C04F79EFBC}") = "StudentAPI", "StudentAPI\StudentAPI.csproj", "{065F3A8B-E84A-47CB-B613-1B9AACCB5C42}"
EndProject
Global
	GlobalSection(SolutionConfigurationPlatforms) = preSolution
		Debug|Any CPU = Debug|Any CPU
		Release|Any CPU = Release|Any CPU
	EndGlobalSection
	GlobalSection(ProjectConfigurationPlatforms) = postSolution
		{065F3A8B-E84A-47CB-B613-1B9AACCB5C42}.Debug|Any CPU.ActiveCfg = Debug|Any CPU
		{065F3A8B-E84A-47CB-B613-1B9AACCB5C42}.Debug|Any CPU.Build.0 = Debug|Any CPU
		{065F3A8B-E84A-47CB-B613-1B9AACCB5C42}.Release|Any CPU.ActiveCfg = Release|Any CPU
		{065F3A8B-E84A-47CB-B613-1B9AACCB5C42}.Release|Any CPU.Build.0 = Release|Any CPU
	EndGlobalSection
	GlobalSection(SolutionProperties) = preSolution
		HideSolutionNode = FALSE
	EndGlobalSection
	GlobalSection(ExtensibilityGlobals) = postSolution
		SolutionGuid = {A6AAF7BD-DE17-4020-BB41-835A1D3631CB}
	EndGlobalSection
EndGlobal
